{
  "name": "vk-photo-downloader",
  "version": "1.0.0",
  "lockfileVersion": 1,
  "requires": true,
  "dependencies": {
    "axios": {
      "version": "0.18.0",
      "resolved": "https://registry.npmjs.org/axios/-/axios-0.18.0.tgz",
      "integrity": "sha1-MtU+SFHv3AoRmTts0AB4nXDAUQI=",
      "requires": {
        "follow-redirects": "1.4.1",
        "is-buffer": "1.1.6"
      }
    },
    "batch-cluster": {
      "version": "1.10.0",
      "resolved": "https://registry.npmjs.org/batch-cluster/-/batch-cluster-1.10.0.tgz",
      "integrity": "sha512-m5Co9+EHXb2oMFQZowVHf/F4X7gTZ8V0AFp6aYhervEwxDWYOf3om5f0LQW2tpzWeV3YfXHrifKke7ngETf+gQ=="
    },
    "debug": {
      "version": "3.1.0",
      "resolved": "https://registry.npmjs.org/debug/-/debug-3.1.0.tgz",
      "integrity": "sha512-OX8XqP7/1a9cqkxYw2yXss15f26NKWBpDXQd0/uK/KPqdQhxbPa994hnzjcE2VqQpDslf55723cKPUOGSmMY3g==",
      "requires": {
        "ms": "2.0.0"
      }
    },
    "exiftool-vendored": {
      "version": "4.19.0",
      "resolved": "https://registry.npmjs.org/exiftool-vendored/-/exiftool-vendored-4.19.0.tgz",
      "integrity": "sha512-yyfKpwlF6RHXokqJmfn2OZ8AUc9gSn/M7vh9V7DCZ7H+mP+JjGC2lxwROlCI65Ni0G9TyoBuonpP3/z2srUhFQ==",
      "requires": {
        "batch-cluster": "1.10.0",
        "exiftool-vendored.exe": "10.86.0",
        "exiftool-vendored.pl": "10.86.0"
      }
    },
    "exiftool-vendored.exe": {
      "version": "10.86.0",
      "resolved": "https://registry.npmjs.org/exiftool-vendored.exe/-/exiftool-vendored.exe-10.86.0.tgz",
      "integrity": "sha512-CoiuFnM+d2Xq0FqwWJo9zz2HWyyATAjLead0UboAuwMZ99FV75Osq06n9vtYpk64tF0rFhikisNKIBdHdEnZjw==",
      "optional": true
    },
    "exiftool-vendored.pl": {
      "version": "10.86.0",
      "resolved": "https://registry.npmjs.org/exiftool-vendored.pl/-/exiftool-vendored.pl-10.86.0.tgz",
      "integrity": "sha512-TKsX97YyMMw7x1dx0Wd244xU2SG6GiQq1w46E6KRTQTFZMkmx4PjMr2UZf8urdL3E/JgC4rAmtCeGsw1nBkhOg==",
      "optional": true
    },
    "follow-redirects": {
      "version": "1.4.1",
      "resolved": "https://registry.npmjs.org/follow-redirects/-/follow-redirects-1.4.1.tgz",
      "integrity": "sha512-uxYePVPogtya1ktGnAAXOacnbIuRMB4dkvqeNz2qTtTQsuzSfbDolV+wMMKxAmCx0bLgAKLbBOkjItMbbkR1vg==",
      "requires": {
        "debug": "3.1.0"
      }
    },
    "is-buffer": {
      "version": "1.1.6",
      "resolved": "https://registry.npmjs.org/is-buffer/-/is-buffer-1.1.6.tgz",
      "integrity": "sha512-NcdALwpXkTm5Zvvbk7owOUSvVvBKDgKP5/ewfXEznmQFfs4ZRmanOeKBTjRVjka3QFoN6XJ+9F3USqfHqTaU5w=="
    },
    "ms": {
      "version": "2.0.0",
      "resolved": "https://registry.npmjs.org/ms/-/ms-2.0.0.tgz",
      "integrity": "sha1-VgiurfwAvmwpAd9fmGF4jeDVl8g="
    },
    "prettier": {
      "version": "1.11.1",
      "resolved": "https://registry.npmjs.org/prettier/-/prettier-1.11.1.tgz",
      "integrity": "sha512-T/KD65Ot0PB97xTrG8afQ46x3oiVhnfGjGESSI9NWYcG92+OUPZKkwHqGWXH2t9jK1crnQjubECW0FuOth+hxw==",
      "dev": true
    }
  }
}
